// !$*UTF8*$!
{
	archiveVersion = 1;
	classes = {
	};
	objectVersion = 46;
	objects = {

/* Begin PBXBuildFile section */
		27713BD617E898D0007FD10D /* Photo+Flickr.m in Sources */ = {isa = PBXBuildFile; fileRef = 27713BD517E898D0007FD10D /* Photo+Flickr.m */; };
		27713BD917E89E3B007FD10D /* Tag+Create.m in Sources */ = {isa = PBXBuildFile; fileRef = 27713BD817E89E3B007FD10D /* Tag+Create.m */; };
		27713BDC17E8A2F4007FD10D /* TagsCDTVC.m in Sources */ = {isa = PBXBuildFile; fileRef = 27713BDB17E8A2F4007FD10D /* TagsCDTVC.m */; };
		27713BDF17E8A559007FD10D /* SPoTTagsCDTVC.m in Sources */ = {isa = PBXBuildFile; fileRef = 27713BDE17E8A559007FD10D /* SPoTTagsCDTVC.m */; };
		27713BE217E8B8EB007FD10D /* PhotosByTagCDTVC.m in Sources */ = {isa = PBXBuildFile; fileRef = 27713BE117E8B8EA007FD10D /* PhotosByTagCDTVC.m */; };
		27D1D91A17E768BE00B46A5B /* UIKit.framework in Frameworks */ = {isa = PBXBuildFile; fileRef = 27D1D91917E768BE00B46A5B /* UIKit.framework */; };
		27D1D91C17E768BE00B46A5B /* Foundation.framework in Frameworks */ = {isa = PBXBuildFile; fileRef = 27D1D91B17E768BE00B46A5B /* Foundation.framework */; };
		27D1D91E17E768BE00B46A5B /* CoreGraphics.framework in Frameworks */ = {isa = PBXBuildFile; fileRef = 27D1D91D17E768BE00B46A5B /* CoreGraphics.framework */; };
		27D1D92417E768BF00B46A5B /* InfoPlist.strings in Resources */ = {isa = PBXBuildFile; fileRef = 27D1D92217E768BF00B46A5B /* InfoPlist.strings */; };
		27D1D92617E768BF00B46A5B /* main.m in Sources */ = {isa = PBXBuildFile; fileRef = 27D1D92517E768BF00B46A5B /* main.m */; };
		27D1D92A17E768BF00B46A5B /* AppDelegate.m in Sources */ = {isa = PBXBuildFile; fileRef = 27D1D92917E768BF00B46A5B /* AppDelegate.m */; };
		27D1D92C17E768BF00B46A5B /* Default.png in Resources */ = {isa = PBXBuildFile; fileRef = 27D1D92B17E768BF00B46A5B /* Default.png */; };
		27D1D92E17E768BF00B46A5B /* Default@2x.png in Resources */ = {isa = PBXBuildFile; fileRef = 27D1D92D17E768BF00B46A5B /* Default@2x.png */; };
		27D1D93017E768BF00B46A5B /* Default-568h@2x.png in Resources */ = {isa = PBXBuildFile; fileRef = 27D1D92F17E768BF00B46A5B /* Default-568h@2x.png */; };
		27D1D93317E768BF00B46A5B /* MainStoryboard_iPhone.storyboard in Resources */ = {isa = PBXBuildFile; fileRef = 27D1D93117E768BF00B46A5B /* MainStoryboard_iPhone.storyboard */; };
		27D1D93617E768BF00B46A5B /* MainStoryboard_iPad.storyboard in Resources */ = {isa = PBXBuildFile; fileRef = 27D1D93417E768BF00B46A5B /* MainStoryboard_iPad.storyboard */; };
		27D1D94317E7695200B46A5B /* FlickrFetcher.m in Sources */ = {isa = PBXBuildFile; fileRef = 27D1D94217E7695200B46A5B /* FlickrFetcher.m */; };
		27D1D94617E76A6900B46A5B /* CoreDataTableViewController.m in Sources */ = {isa = PBXBuildFile; fileRef = 27D1D94517E76A6900B46A5B /* CoreDataTableViewController.m */; };
		27D1D94A17E7A8C800B46A5B /* ImageScrollViewController.m in Sources */ = {isa = PBXBuildFile; fileRef = 27D1D94917E7A8C800B46A5B /* ImageScrollViewController.m */; };
		27D1D94D17E7A91600B46A5B /* IndicatorActivator.m in Sources */ = {isa = PBXBuildFile; fileRef = 27D1D94C17E7A91600B46A5B /* IndicatorActivator.m */; };
		27D1D95017E7AA8600B46A5B /* SPoT.xcdatamodeld in Sources */ = {isa = PBXBuildFile; fileRef = 27D1D94E17E7AA8600B46A5B /* SPoT.xcdatamodeld */; };
		27D1D95F17E7AC8D00B46A5B /* Photo.m in Sources */ = {isa = PBXBuildFile; fileRef = 27D1D95E17E7AC8D00B46A5B /* Photo.m */; };
		27D1D96217E7AC8D00B46A5B /* Tag.m in Sources */ = {isa = PBXBuildFile; fileRef = 27D1D96117E7AC8D00B46A5B /* Tag.m */; };
		27D1D96417E7ACB700B46A5B /* CoreData.framework in Frameworks */ = {isa = PBXBuildFile; fileRef = 27D1D96317E7ACB700B46A5B /* CoreData.framework */; };
/* End PBXBuildFile section */

/* Begin PBXFileReference section */
		27713BD417E898D0007FD10D /* Photo+Flickr.h */ = {isa = PBXFileReference; fileEncoding = 4; lastKnownFileType = sourcecode.c.h; path = "Photo+Flickr.h"; sourceTree = "<group>"; };
		27713BD517E898D0007FD10D /* Photo+Flickr.m */ = {isa = PBXFileReference; fileEncoding = 4; lastKnownFileType = sourcecode.c.objc; path = "Photo+Flickr.m"; sourceTree = "<group>"; };
		27713BD717E89E3B007FD10D /* Tag+Create.h */ = {isa = PBXFileReference; fileEncoding = 4; lastKnownFileType = sourcecode.c.h; path = "Tag+Create.h"; sourceTree = "<group>"; };
		27713BD817E89E3B007FD10D /* Tag+Create.m */ = {isa = PBXFileReference; fileEncoding = 4; lastKnownFileType = sourcecode.c.objc; path = "Tag+Create.m"; sourceTree = "<group>"; };
		27713BDA17E8A2F4007FD10D /* TagsCDTVC.h */ = {isa = PBXFileReference; fileEncoding = 4; lastKnownFileType = sourcecode.c.h; path = TagsCDTVC.h; sourceTree = "<group>"; };
		27713BDB17E8A2F4007FD10D /* TagsCDTVC.m */ = {isa = PBXFileReference; fileEncoding = 4; lastKnownFileType = sourcecode.c.objc; path = TagsCDTVC.m; sourceTree = "<group>"; };
		27713BDD17E8A559007FD10D /* SPoTTagsCDTVC.h */ = {isa = PBXFileReference; fileEncoding = 4; lastKnownFileType = sourcecode.c.h; path = SPoTTagsCDTVC.h; sourceTree = "<group>"; };
		27713BDE17E8A559007FD10D /* SPoTTagsCDTVC.m */ = {isa = PBXFileReference; fileEncoding = 4; lastKnownFileType = sourcecode.c.objc; path = SPoTTagsCDTVC.m; sourceTree = "<group>"; };
		27713BE017E8B8EA007FD10D /* PhotosByTagCDTVC.h */ = {isa = PBXFileReference; fileEncoding = 4; lastKnownFileType = sourcecode.c.h; path = PhotosByTagCDTVC.h; sourceTree = "<group>"; };
		27713BE117E8B8EA007FD10D /* PhotosByTagCDTVC.m */ = {isa = PBXFileReference; fileEncoding = 4; lastKnownFileType = sourcecode.c.objc; path = PhotosByTagCDTVC.m; sourceTree = "<group>"; };
		27D1D91617E768BE00B46A5B /* SPoT-CoreData.app */ = {isa = PBXFileReference; explicitFileType = wrapper.application; includeInIndex = 0; path = "SPoT-CoreData.app"; sourceTree = BUILT_PRODUCTS_DIR; };
		27D1D91917E768BE00B46A5B /* UIKit.framework */ = {isa = PBXFileReference; lastKnownFileType = wrapper.framework; name = UIKit.framework; path = System/Library/Frameworks/UIKit.framework; sourceTree = SDKROOT; };
		27D1D91B17E768BE00B46A5B /* Foundation.framework */ = {isa = PBXFileReference; lastKnownFileType = wrapper.framework; name = Foundation.framework; path = System/Library/Frameworks/Foundation.framework; sourceTree = SDKROOT; };
		27D1D91D17E768BE00B46A5B /* CoreGraphics.framework */ = {isa = PBXFileReference; lastKnownFileType = wrapper.framework; name = CoreGraphics.framework; path = System/Library/Frameworks/CoreGraphics.framework; sourceTree = SDKROOT; };
		27D1D92117E768BF00B46A5B /* SPoT-CoreData-Info.plist */ = {isa = PBXFileReference; lastKnownFileType = text.plist.xml; path = "SPoT-CoreData-Info.plist"; sourceTree = "<group>"; };
		27D1D92317E768BF00B46A5B /* en */ = {isa = PBXFileReference; lastKnownFileType = text.plist.strings; name = en; path = en.lproj/InfoPlist.strings; sourceTree = "<group>"; };
		27D1D92517E768BF00B46A5B /* main.m */ = {isa = PBXFileReference; lastKnownFileType = sourcecode.c.objc; path = main.m; sourceTree = "<group>"; };
		27D1D92717E768BF00B46A5B /* SPoT-CoreData-Prefix.pch */ = {isa = PBXFileReference; lastKnownFileType = sourcecode.c.h; path = "SPoT-CoreData-Prefix.pch"; sourceTree = "<group>"; };
		27D1D92817E768BF00B46A5B /* AppDelegate.h */ = {isa = PBXFileReference; lastKnownFileType = sourcecode.c.h; path = AppDelegate.h; sourceTree = "<group>"; };
		27D1D92917E768BF00B46A5B /* AppDelegate.m */ = {isa = PBXFileReference; lastKnownFileType = sourcecode.c.objc; path = AppDelegate.m; sourceTree = "<group>"; };
		27D1D92B17E768BF00B46A5B /* Default.png */ = {isa = PBXFileReference; lastKnownFileType = image.png; path = Default.png; sourceTree = "<group>"; };
		27D1D92D17E768BF00B46A5B /* Default@2x.png */ = {isa = PBXFileReference; lastKnownFileType = image.png; path = "Default@2x.png"; sourceTree = "<group>"; };
		27D1D92F17E768BF00B46A5B /* Default-568h@2x.png */ = {isa = PBXFileReference; lastKnownFileType = image.png; path = "Default-568h@2x.png"; sourceTree = "<group>"; };
		27D1D93217E768BF00B46A5B /* en */ = {isa = PBXFileReference; lastKnownFileType = file.storyboard; name = en; path = en.lproj/MainStoryboard_iPhone.storyboard; sourceTree = "<group>"; };
		27D1D93517E768BF00B46A5B /* en */ = {isa = PBXFileReference; lastKnownFileType = file.storyboard; name = en; path = en.lproj/MainStoryboard_iPad.storyboard; sourceTree = "<group>"; };
		27D1D94017E7695200B46A5B /* FlickrAPIKey.h */ = {isa = PBXFileReference; fileEncoding = 4; lastKnownFileType = sourcecode.c.h; path = FlickrAPIKey.h; sourceTree = "<group>"; };
		27D1D94117E7695200B46A5B /* FlickrFetcher.h */ = {isa = PBXFileReference; fileEncoding = 4; lastKnownFileType = sourcecode.c.h; path = FlickrFetcher.h; sourceTree = "<group>"; };
		27D1D94217E7695200B46A5B /* FlickrFetcher.m */ = {isa = PBXFileReference; fileEncoding = 4; lastKnownFileType = sourcecode.c.objc; path = FlickrFetcher.m; sourceTree = "<group>"; };
		27D1D94417E76A6900B46A5B /* CoreDataTableViewController.h */ = {isa = PBXFileReference; fileEncoding = 4; lastKnownFileType = sourcecode.c.h; path = CoreDataTableViewController.h; sourceTree = "<group>"; };
		27D1D94517E76A6900B46A5B /* CoreDataTableViewController.m */ = {isa = PBXFileReference; fileEncoding = 4; lastKnownFileType = sourcecode.c.objc; path = CoreDataTableViewController.m; sourceTree = "<group>"; };
		27D1D94817E7A8C800B46A5B /* ImageScrollViewController.h */ = {isa = PBXFileReference; fileEncoding = 4; lastKnownFileType = sourcecode.c.h; path = ImageScrollViewController.h; sourceTree = "<group>"; };
		27D1D94917E7A8C800B46A5B /* ImageScrollViewController.m */ = {isa = PBXFileReference; fileEncoding = 4; lastKnownFileType = sourcecode.c.objc; path = ImageScrollViewController.m; sourceTree = "<group>"; };
		27D1D94B17E7A91600B46A5B /* IndicatorActivator.h */ = {isa = PBXFileReference; fileEncoding = 4; lastKnownFileType = sourcecode.c.h; path = IndicatorActivator.h; sourceTree = "<group>"; };
		27D1D94C17E7A91600B46A5B /* IndicatorActivator.m */ = {isa = PBXFileReference; fileEncoding = 4; lastKnownFileType = sourcecode.c.objc; path = IndicatorActivator.m; sourceTree = "<group>"; };
		27D1D94F17E7AA8600B46A5B /* SPoT.xcdatamodel */ = {isa = PBXFileReference; lastKnownFileType = wrapper.xcdatamodel; path = SPoT.xcdatamodel; sourceTree = "<group>"; };
		27D1D95D17E7AC8D00B46A5B /* Photo.h */ = {isa = PBXFileReference; fileEncoding = 4; lastKnownFileType = sourcecode.c.h; path = Photo.h; sourceTree = "<group>"; };
		27D1D95E17E7AC8D00B46A5B /* Photo.m */ = {isa = PBXFileReference; fileEncoding = 4; lastKnownFileType = sourcecode.c.objc; path = Photo.m; sourceTree = "<group>"; };
		27D1D96017E7AC8D00B46A5B /* Tag.h */ = {isa = PBXFileReference; fileEncoding = 4; lastKnownFileType = sourcecode.c.h; path = Tag.h; sourceTree = "<group>"; };
		27D1D96117E7AC8D00B46A5B /* Tag.m */ = {isa = PBXFileReference; fileEncoding = 4; lastKnownFileType = sourcecode.c.objc; path = Tag.m; sourceTree = "<group>"; };
		27D1D96317E7ACB700B46A5B /* CoreData.framework */ = {isa = PBXFileReference; lastKnownFileType = wrapper.framework; name = CoreData.framework; path = System/Library/Frameworks/CoreData.framework; sourceTree = SDKROOT; };
/* End PBXFileReference section */

/* Begin PBXFrameworksBuildPhase section */
		27D1D91317E768BE00B46A5B /* Frameworks */ = {
			isa = PBXFrameworksBuildPhase;
			buildActionMask = 2147483647;
			files = (
				27D1D96417E7ACB700B46A5B /* CoreData.framework in Frameworks */,
				27D1D91A17E768BE00B46A5B /* UIKit.framework in Frameworks */,
				27D1D91C17E768BE00B46A5B /* Foundation.framework in Frameworks */,
				27D1D91E17E768BE00B46A5B /* CoreGraphics.framework in Frameworks */,
			);
			runOnlyForDeploymentPostprocessing = 0;
		};
/* End PBXFrameworksBuildPhase section */

/* Begin PBXGroup section */
		27713BE317E8C23E007FD10D /* Core Data */ = {
			isa = PBXGroup;
			children = (
				27D1D94E17E7AA8600B46A5B /* SPoT.xcdatamodeld */,
				27D1D96017E7AC8D00B46A5B /* Tag.h */,
				27D1D96117E7AC8D00B46A5B /* Tag.m */,
				27713BD717E89E3B007FD10D /* Tag+Create.h */,
				27713BD817E89E3B007FD10D /* Tag+Create.m */,
				27D1D95D17E7AC8D00B46A5B /* Photo.h */,
				27D1D95E17E7AC8D00B46A5B /* Photo.m */,
				27713BD417E898D0007FD10D /* Photo+Flickr.h */,
				27713BD517E898D0007FD10D /* Photo+Flickr.m */,
			);
			name = "Core Data";
			sourceTree = "<group>";
		};
		27713BE417E8D2B8007FD10D /* Core Data Table View Controllers */ = {
			isa = PBXGroup;
			children = (
				27D1D94417E76A6900B46A5B /* CoreDataTableViewController.h */,
				27D1D94517E76A6900B46A5B /* CoreDataTableViewController.m */,
				27713BDA17E8A2F4007FD10D /* TagsCDTVC.h */,
				27713BDB17E8A2F4007FD10D /* TagsCDTVC.m */,
				27713BDD17E8A559007FD10D /* SPoTTagsCDTVC.h */,
				27713BDE17E8A559007FD10D /* SPoTTagsCDTVC.m */,
				27713BE017E8B8EA007FD10D /* PhotosByTagCDTVC.h */,
				27713BE117E8B8EA007FD10D /* PhotosByTagCDTVC.m */,
			);
			name = "Core Data Table View Controllers";
			sourceTree = "<group>";
		};
		27D1D90D17E768BE00B46A5B = {
			isa = PBXGroup;
			children = (
				27D1D91F17E768BE00B46A5B /* SPoT-CoreData */,
				27D1D91817E768BE00B46A5B /* Frameworks */,
				27D1D91717E768BE00B46A5B /* Products */,
			);
			sourceTree = "<group>";
		};
		27D1D91717E768BE00B46A5B /* Products */ = {
			isa = PBXGroup;
			children = (
				27D1D91617E768BE00B46A5B /* SPoT-CoreData.app */,
			);
			name = Products;
			sourceTree = "<group>";
		};
		27D1D91817E768BE00B46A5B /* Frameworks */ = {
			isa = PBXGroup;
			children = (
				27D1D96317E7ACB700B46A5B /* CoreData.framework */,
				27D1D91917E768BE00B46A5B /* UIKit.framework */,
				27D1D91B17E768BE00B46A5B /* Foundation.framework */,
				27D1D91D17E768BE00B46A5B /* CoreGraphics.framework */,
			);
			name = Frameworks;
			sourceTree = "<group>";
		};
		27D1D91F17E768BE00B46A5B /* SPoT-CoreData */ = {
			isa = PBXGroup;
			children = (
				27D1D93117E768BF00B46A5B /* MainStoryboard_iPhone.storyboard */,
				27D1D93417E768BF00B46A5B /* MainStoryboard_iPad.storyboard */,
				27D1D94B17E7A91600B46A5B /* IndicatorActivator.h */,
				27D1D94C17E7A91600B46A5B /* IndicatorActivator.m */,
				27D1D94817E7A8C800B46A5B /* ImageScrollViewController.h */,
				27D1D94917E7A8C800B46A5B /* ImageScrollViewController.m */,
				27713BE417E8D2B8007FD10D /* Core Data Table View Controllers */,
				27713BE317E8C23E007FD10D /* Core Data */,
				27D1D93F17E7695200B46A5B /* FlickrFetcher */,
				27D1D92017E768BF00B46A5B /* Supporting Files */,
			);
			path = "SPoT-CoreData";
			sourceTree = "<group>";
		};
		27D1D92017E768BF00B46A5B /* Supporting Files */ = {
			isa = PBXGroup;
			children = (
				27D1D92817E768BF00B46A5B /* AppDelegate.h */,
				27D1D92917E768BF00B46A5B /* AppDelegate.m */,
				27D1D92117E768BF00B46A5B /* SPoT-CoreData-Info.plist */,
				27D1D92217E768BF00B46A5B /* InfoPlist.strings */,
				27D1D92517E768BF00B46A5B /* main.m */,
				27D1D92717E768BF00B46A5B /* SPoT-CoreData-Prefix.pch */,
				27D1D92B17E768BF00B46A5B /* Default.png */,
				27D1D92D17E768BF00B46A5B /* Default@2x.png */,
				27D1D92F17E768BF00B46A5B /* Default-568h@2x.png */,
			);
			name = "Supporting Files";
			sourceTree = "<group>";
		};
		27D1D93F17E7695200B46A5B /* FlickrFetcher */ = {
			isa = PBXGroup;
			children = (
				27D1D94017E7695200B46A5B /* FlickrAPIKey.h */,
				27D1D94117E7695200B46A5B /* FlickrFetcher.h */,
				27D1D94217E7695200B46A5B /* FlickrFetcher.m */,
			);
			path = FlickrFetcher;
			sourceTree = "<group>";
		};
/* End PBXGroup section */

/* Begin PBXNativeTarget section */
		27D1D91517E768BE00B46A5B /* SPoT-CoreData */ = {
			isa = PBXNativeTarget;
			buildConfigurationList = 27D1D93C17E768BF00B46A5B /* Build configuration list for PBXNativeTarget "SPoT-CoreData" */;
			buildPhases = (
				27D1D91217E768BE00B46A5B /* Sources */,
				27D1D91317E768BE00B46A5B /* Frameworks */,
				27D1D91417E768BE00B46A5B /* Resources */,
			);
			buildRules = (
			);
			dependencies = (
			);
			name = "SPoT-CoreData";
			productName = "SPoT-CoreData";
			productReference = 27D1D91617E768BE00B46A5B /* SPoT-CoreData.app */;
			productType = "com.apple.product-type.application";
		};
/* End PBXNativeTarget section */

/* Begin PBXProject section */
		27D1D90E17E768BE00B46A5B /* Project object */ = {
			isa = PBXProject;
			attributes = {
				LastUpgradeCheck = 0460;
				ORGANIZATIONNAME = "Kyle Stevens";
			};
			buildConfigurationList = 27D1D91117E768BE00B46A5B /* Build configuration list for PBXProject "SPoT-CoreData" */;
			compatibilityVersion = "Xcode 3.2";
			developmentRegion = English;
			hasScannedForEncodings = 0;
			knownRegions = (
				en,
			);
			mainGroup = 27D1D90D17E768BE00B46A5B;
			productRefGroup = 27D1D91717E768BE00B46A5B /* Products */;
			projectDirPath = "";
			projectRoot = "";
			targets = (
				27D1D91517E768BE00B46A5B /* SPoT-CoreData */,
			);
		};
/* End PBXProject section */

/* Begin PBXResourcesBuildPhase section */
		27D1D91417E768BE00B46A5B /* Resources */ = {
			isa = PBXResourcesBuildPhase;
			buildActionMask = 2147483647;
			files = (
				27D1D92417E768BF00B46A5B /* InfoPlist.strings in Resources */,
				27D1D92C17E768BF00B46A5B /* Default.png in Resources */,
				27D1D92E17E768BF00B46A5B /* Default@2x.png in Resources */,
				27D1D93017E768BF00B46A5B /* Default-568h@2x.png in Resources */,
				27D1D93317E768BF00B46A5B /* MainStoryboard_iPhone.storyboard in Resources */,
				27D1D93617E768BF00B46A5B /* MainStoryboard_iPad.storyboard in Resources */,
			);
			runOnlyForDeploymentPostprocessing = 0;
		};
/* End PBXResourcesBuildPhase section */

/* Begin PBXSourcesBuildPhase section */
		27D1D91217E768BE00B46A5B /* Sources */ = {
			isa = PBXSourcesBuildPhase;
			buildActionMask = 2147483647;
			files = (
				27D1D92617E768BF00B46A5B /* main.m in Sources */,
				27D1D92A17E768BF00B46A5B /* AppDelegate.m in Sources */,
				27D1D94317E7695200B46A5B /* FlickrFetcher.m in Sources */,
				27D1D94617E76A6900B46A5B /* CoreDataTableViewController.m in Sources */,
				27D1D94A17E7A8C800B46A5B /* ImageScrollViewController.m in Sources */,
				27D1D94D17E7A91600B46A5B /* IndicatorActivator.m in Sources */,
				27D1D95017E7AA8600B46A5B /* SPoT.xcdatamodeld in Sources */,
				27D1D95F17E7AC8D00B46A5B /* Photo.m in Sources */,
				27D1D96217E7AC8D00B46A5B /* Tag.m in Sources */,
				27713BD617E898D0007FD10D /* Photo+Flickr.m in Sources */,
				27713BD917E89E3B007FD10D /* Tag+Create.m in Sources */,
				27713BDC17E8A2F4007FD10D /* TagsCDTVC.m in Sources */,
				27713BDF17E8A559007FD10D /* SPoTTagsCDTVC.m in Sources */,
				27713BE217E8B8EB007FD10D /* PhotosByTagCDTVC.m in Sources */,
			);
			runOnlyForDeploymentPostprocessing = 0;
		};
/* End PBXSourcesBuildPhase section */

/* Begin PBXVariantGroup section */
		27D1D92217E768BF00B46A5B /* InfoPlist.strings */ = {
			isa = PBXVariantGroup;
			children = (
				27D1D92317E768BF00B46A5B /* en */,
			);
			name = InfoPlist.strings;
			sourceTree = "<group>";
		};
		27D1D93117E768BF00B46A5B /* MainStoryboard_iPhone.storyboard */ = {
			isa = PBXVariantGroup;
			children = (
				27D1D93217E768BF00B46A5B /* en */,
			);
			name = MainStoryboard_iPhone.storyboard;
			sourceTree = "<group>";
		};
		27D1D93417E768BF00B46A5B /* MainStoryboard_iPad.storyboard */ = {
			isa = PBXVariantGroup;
			children = (
				27D1D93517E768BF00B46A5B /* en */,
			);
			name = MainStoryboard_iPad.storyboard;
			sourceTree = "<group>";
		};
/* End PBXVariantGroup section */

/* Begin XCBuildConfiguration section */
		27D1D93A17E768BF00B46A5B /* Debug */ = {
			isa = XCBuildConfiguration;
			buildSettings = {
				ALWAYS_SEARCH_USER_PATHS = NO;
				CLANG_CXX_LANGUAGE_STANDARD = "gnu++0x";
				CLANG_CXX_LIBRARY = "libc++";
				CLANG_ENABLE_OBJC_ARC = YES;
				CLANG_WARN_CONSTANT_CONVERSION = YES;
				CLANG_WARN_EMPTY_BODY = YES;
				CLANG_WARN_ENUM_CONVERSION = YES;
				CLANG_WARN_INT_CONVERSION = YES;
				CLANG_WARN__DUPLICATE_METHOD_MATCH = YES;
				"CODE_SIGN_IDENTITY[sdk=iphoneos*]" = "iPhone Developer";
				COPY_PHASE_STRIP = NO;
				GCC_C_LANGUAGE_STANDARD = gnu99;
				GCC_DYNAMIC_NO_PIC = NO;
				GCC_OPTIMIZATION_LEVEL = 0;
				GCC_PREPROCESSOR_DEFINITIONS = (
					"DEBUG=1",
					"$(inherited)",
				);
				GCC_SYMBOLS_PRIVATE_EXTERN = NO;
				GCC_WARN_ABOUT_RETURN_TYPE = YES;
				GCC_WARN_UNINITIALIZED_AUTOS = YES;
				GCC_WARN_UNUSED_VARIABLE = YES;
				IPHONEOS_DEPLOYMENT_TARGET = 6.1;
				ONLY_ACTIVE_ARCH = YES;
				SDKROOT = iphoneos;
				TARGETED_DEVICE_FAMILY = "1,2";
			};
			name = Debug;
		};
		27D1D93B17E768BF00B46A5B /* Release */ = {
			isa = XCBuildConfiguration;
			buildSettings = {
				ALWAYS_SEARCH_USER_PATHS = NO;
				CLANG_CXX_LANGUAGE_STANDARD = "gnu++0x";
				CLANG_CXX_LIBRARY = "libc++";
				CLANG_ENABLE_OBJC_ARC = YES;
				CLANG_WARN_CONSTANT_CONVERSION = YES;
				CLANG_WARN_EMPTY_BODY = YES;
				CLANG_WARN_ENUM_CONVERSION = YES;
				CLANG_WARN_INT_CONVERSION = YES;
				CLANG_WARN__DUPLICATE_METHOD_MATCH = YES;
				"CODE_SIGN_IDENTITY[sdk=iphoneos*]" = "iPhone Developer";
				COPY_PHASE_STRIP = YES;
				GCC_C_LANGUAGE_STANDARD = gnu99;
				GCC_WARN_ABOUT_RETURN_TYPE = YES;
				GCC_WARN_UNINITIALIZED_AUTOS = YES;
				GCC_WARN_UNUSED_VARIABLE = YES;
				IPHONEOS_DEPLOYMENT_TARGET = 6.1;
				OTHER_CFLAGS = "-DNS_BLOCK_ASSERTIONS=1";
				SDKROOT = iphoneos;
				TARGETED_DEVICE_FAMILY = "1,2";
				VALIDATE_PRODUCT = YES;
			};
			name = Release;
		};
		27D1D93D17E768BF00B46A5B /* Debug */ = {
			isa = XCBuildConfiguration;
			buildSettings = {
				GCC_PRECOMPILE_PREFIX_HEADER = YES;
				GCC_PREFIX_HEADER = "SPoT-CoreData/SPoT-CoreData-Prefix.pch";
				INFOPLIST_FILE = "SPoT-CoreData/SPoT-CoreData-Info.plist";
				PRODUCT_NAME = "$(TARGET_NAME)";
				WRAPPER_EXTENSION = app;
			};
			name = Debug;
		};
		27D1D93E17E768BF00B46A5B /* Release */ = {
			isa = XCBuildConfiguration;
			buildSettings = {
				GCC_PRECOMPILE_PREFIX_HEADER = YES;
				GCC_PREFIX_HEADER = "SPoT-CoreData/SPoT-CoreData-Prefix.pch";
				INFOPLIST_FILE = "SPoT-CoreData/SPoT-CoreData-Info.plist";
				PRODUCT_NAME = "$(TARGET_NAME)";
				WRAPPER_EXTENSION = app;
			};
			name = Release;
		};
/* End XCBuildConfiguration section */

/* Begin XCConfigurationList section */
		27D1D91117E768BE00B46A5B /* Build configuration list for PBXProject "SPoT-CoreData" */ = {
			isa = XCConfigurationList;
			buildConfigurations = (
				27D1D93A17E768BF00B46A5B /* Debug */,
				27D1D93B17E768BF00B46A5B /* Release */,
			);
			defaultConfigurationIsVisible = 0;
			defaultConfigurationName = Release;
		};
		27D1D93C17E768BF00B46A5B /* Build configuration list for PBXNativeTarget "SPoT-CoreData" */ = {
			isa = XCConfigurationList;
			buildConfigurations = (
				27D1D93D17E768BF00B46A5B /* Debug */,
				27D1D93E17E768BF00B46A5B /* Release */,
			);
			defaultConfigurationIsVisible = 0;
			defaultConfigurationName = Release;
		};
/* End XCConfigurationList section */

/* Begin XCVersionGroup section */
		27D1D94E17E7AA8600B46A5B /* SPoT.xcdatamodeld */ = {
			isa = XCVersionGroup;
			children = (
				27D1D94F17E7AA8600B46A5B /* SPoT.xcdatamodel */,
			);
			currentVersion = 27D1D94F17E7AA8600B46A5B /* SPoT.xcdatamodel */;
			path = SPoT.xcdatamodeld;
			sourceTree = "<group>";
			versionGroupType = wrapper.xcdatamodel;
		};
/* End XCVersionGroup section */
	};
	rootObject = 27D1D90E17E768BE00B46A5B /* Project object */;
}
